# THIS IS AN AUTOGENERATED FILE. DO NOT EDIT THIS FILE DIRECTLY.
# yarn lockfile v1


"@babel/runtime@7.6.0":
  version "7.6.0"
  resolved "https://registry.npmjs.org/@babel/runtime/-/runtime-7.6.0.tgz"
  dependencies:
    regenerator-runtime "^0.13.2"

"@greymass/eosio@^0.4.0":
  version "0.4.7"
  resolved "https://registry.npmjs.org/@greymass/eosio/-/eosio-0.4.7.tgz"
  dependencies:
    bn.js "^4.11.9"
    brorand "^1.1.0"
    elliptic "^6.5.4"
    hash.js "^1.0.0"
    tslib "^2.0.3"

"@types/cheerio@0.22.22":
  version "0.22.22"
  resolved "https://registry.npmjs.org/@types/cheerio/-/cheerio-0.22.22.tgz"
  dependencies:
    "@types/node" "*"

"@types/node@*":
  version "14.14.20"
  resolved "https://registry.npmjs.org/@types/node/-/node-14.14.20.tgz"

"@types/prop-types@*":
  version "15.7.3"
  resolved "https://registry.npmjs.org/@types/prop-types/-/prop-types-15.7.3.tgz"

"@types/react@16.9.49":
  version "16.9.49"
  resolved "https://registry.npmjs.org/@types/react/-/react-16.9.49.tgz"
  dependencies:
    "@types/prop-types" "*"
    csstype "^3.0.2"

ansi-colors@3.2.3:
  version "3.2.3"
  resolved "https://registry.npmjs.org/ansi-colors/-/ansi-colors-3.2.3.tgz"

ansi-regex@^2.0.0:
  version "2.1.1"
  resolved "https://registry.npmjs.org/ansi-regex/-/ansi-regex-2.1.1.tgz"

ansi-regex@^3.0.0:
  version "3.0.0"
  resolved "https://registry.npmjs.org/ansi-regex/-/ansi-regex-3.0.0.tgz"

ansi-regex@^4.1.0:
  version "4.1.0"
  resolved "https://registry.npmjs.org/ansi-regex/-/ansi-regex-4.1.0.tgz"

ansi-styles@^2.2.1:
  version "2.2.1"
  resolved "https://registry.npmjs.org/ansi-styles/-/ansi-styles-2.2.1.tgz"

ansi-styles@^3.2.0, ansi-styles@^3.2.1:
  version "3.2.1"
  resolved "https://registry.npmjs.org/ansi-styles/-/ansi-styles-3.2.1.tgz"
  dependencies:
    color-convert "^1.9.0"

argparse@^1.0.7:
  version "1.0.10"
  resolved "https://registry.npmjs.org/argparse/-/argparse-1.0.10.tgz"
  dependencies:
    sprintf-js "~1.0.2"

array-filter@^1.0.0:
  version "1.0.0"
  resolved "https://registry.npmjs.org/array-filter/-/array-filter-1.0.0.tgz"

assertion-error@^1.1.0:
  version "1.1.0"
  resolved "https://registry.npmjs.org/assertion-error/-/assertion-error-1.1.0.tgz"

at-least-node@^1.0.0:
  version "1.0.0"
  resolved "https://registry.npmjs.org/at-least-node/-/at-least-node-1.0.0.tgz"

available-typed-arrays@^1.0.2:
  version "1.0.2"
  resolved "https://registry.npmjs.org/available-typed-arrays/-/available-typed-arrays-1.0.2.tgz"
  dependencies:
    array-filter "^1.0.0"

balanced-match@^1.0.0:
  version "1.0.0"
  resolved "https://registry.npmjs.org/balanced-match/-/balanced-match-1.0.0.tgz"

base-x@^3.0.2:
  version "3.0.8"
  resolved "https://registry.npmjs.org/base-x/-/base-x-3.0.8.tgz"
  dependencies:
    safe-buffer "^5.0.1"

bigi@1.4.2, bigi@^1.1.0:
  version "1.4.2"
  resolved "https://registry.npmjs.org/bigi/-/bigi-1.4.2.tgz"

bignumber.js@^8.1.1:
  version "8.1.1"
  resolved "https://registry.npmjs.org/bignumber.js/-/bignumber.js-8.1.1.tgz"

bn.js@^4.11.9, bn.js@^4.4.0:
  version "4.11.9"
  resolved "https://registry.npmjs.org/bn.js/-/bn.js-4.11.9.tgz"

boolbase@^1.0.0, boolbase@~1.0.0:
  version "1.0.0"
  resolved "https://registry.npmjs.org/boolbase/-/boolbase-1.0.0.tgz"

brace-expansion@^1.1.7:
  version "1.1.11"
  resolved "https://registry.npmjs.org/brace-expansion/-/brace-expansion-1.1.11.tgz"
  dependencies:
    balanced-match "^1.0.0"
    concat-map "0.0.1"

brorand@^1.0.1, brorand@^1.1.0:
  version "1.1.0"
  resolved "https://registry.npmjs.org/brorand/-/brorand-1.1.0.tgz"

browser-stdout@1.3.1:
  version "1.3.1"
  resolved "https://registry.npmjs.org/browser-stdout/-/browser-stdout-1.3.1.tgz"

browserify-aes@1.0.6:
  version "1.0.6"
  resolved "https://registry.npmjs.org/browserify-aes/-/browserify-aes-1.0.6.tgz"
  dependencies:
    buffer-xor "^1.0.2"
    cipher-base "^1.0.0"
    create-hash "^1.1.0"
    evp_bytestokey "^1.0.0"
    inherits "^2.0.1"

bs58@4.0.1:
  version "4.0.1"
  resolved "https://registry.npmjs.org/bs58/-/bs58-4.0.1.tgz"
  dependencies:
    base-x "^3.0.2"

buffer-shims@~1.0.0:
  version "1.0.0"
  resolved "https://registry.npmjs.org/buffer-shims/-/buffer-shims-1.0.0.tgz"

buffer-xor@^1.0.2:
  version "1.0.3"
  resolved "https://registry.npmjs.org/buffer-xor/-/buffer-xor-1.0.3.tgz"

bytebuffer@5.0.1:
  version "5.0.1"
  resolved "https://registry.npmjs.org/bytebuffer/-/bytebuffer-5.0.1.tgz"
  dependencies:
    long "~3"

call-bind@^1.0.0:
  version "1.0.1"
  resolved "https://registry.npmjs.org/call-bind/-/call-bind-1.0.1.tgz"
  dependencies:
    function-bind "^1.1.1"
    get-intrinsic "^1.0.2"

camelcase@^5.0.0:
  version "5.3.1"
  resolved "https://registry.npmjs.org/camelcase/-/camelcase-5.3.1.tgz"

chai@^4.2.0:
  version "4.2.0"
  resolved "https://registry.npmjs.org/chai/-/chai-4.2.0.tgz"
  dependencies:
    assertion-error "^1.1.0"
    check-error "^1.0.2"
    deep-eql "^3.0.1"
    get-func-name "^2.0.0"
    pathval "^1.1.0"
    type-detect "^4.0.5"

chalk@^1.1.1:
  version "1.1.3"
  resolved "https://registry.npmjs.org/chalk/-/chalk-1.1.3.tgz"
  dependencies:
    ansi-styles "^2.2.1"
    escape-string-regexp "^1.0.2"
    has-ansi "^2.0.0"
    strip-ansi "^3.0.0"
    supports-color "^2.0.0"

chalk@^2.0.1, chalk@^2.4.1:
  version "2.4.2"
  resolved "https://registry.npmjs.org/chalk/-/chalk-2.4.2.tgz"
  dependencies:
    ansi-styles "^3.2.1"
    escape-string-regexp "^1.0.5"
    supports-color "^5.3.0"

check-error@^1.0.2:
  version "1.0.2"
  resolved "https://registry.npmjs.org/check-error/-/check-error-1.0.2.tgz"

cheerio-select-tmp@^0.1.0:
  version "0.1.1"
  resolved "https://registry.npmjs.org/cheerio-select-tmp/-/cheerio-select-tmp-0.1.1.tgz"
  dependencies:
    css-select "^3.1.2"
    css-what "^4.0.0"
    domelementtype "^2.1.0"
    domhandler "^4.0.0"
    domutils "^2.4.4"

cheerio@1.0.0-rc.3:
  version "1.0.0-rc.3"
  resolved "https://registry.npmjs.org/cheerio/-/cheerio-1.0.0-rc.3.tgz"
  dependencies:
    css-select "~1.2.0"
    dom-serializer "~0.1.1"
    entities "~1.1.1"
    htmlparser2 "^3.9.1"
    lodash "^4.15.0"
    parse5 "^3.0.1"

cheerio@^1.0.0-rc.3:
  version "1.0.0-rc.5"
  resolved "https://registry.npmjs.org/cheerio/-/cheerio-1.0.0-rc.5.tgz"
  dependencies:
    cheerio-select-tmp "^0.1.0"
    dom-serializer "~1.2.0"
    domhandler "^4.0.0"
    entities "~2.1.0"
    htmlparser2 "^6.0.0"
    parse5 "^6.0.0"
    parse5-htmlparser2-tree-adapter "^6.0.0"

cipher-base@^1.0.0, cipher-base@^1.0.1, cipher-base@^1.0.3:
  version "1.0.4"
  resolved "https://registry.npmjs.org/cipher-base/-/cipher-base-1.0.4.tgz"
  dependencies:
    inherits "^2.0.1"
    safe-buffer "^5.0.1"

cliui@^5.0.0:
  version "5.0.0"
  resolved "https://registry.npmjs.org/cliui/-/cliui-5.0.0.tgz"
  dependencies:
    string-width "^3.1.0"
    strip-ansi "^5.2.0"
    wrap-ansi "^5.1.0"

color-convert@^1.9.0:
  version "1.9.3"
  resolved "https://registry.npmjs.org/color-convert/-/color-convert-1.9.3.tgz"
  dependencies:
    color-name "1.1.3"

color-name@1.1.3:
  version "1.1.3"
  resolved "https://registry.npmjs.org/color-name/-/color-name-1.1.3.tgz"

commander@^3.0.2:
  version "3.0.2"
  resolved "https://registry.npmjs.org/commander/-/commander-3.0.2.tgz"

commonmark@^0.29.2:
  version "0.29.3"
  resolved "https://registry.npmjs.org/commonmark/-/commonmark-0.29.3.tgz"
  dependencies:
    entities "~2.0"
    mdurl "~1.0.1"
    minimist ">=1.2.2"
    string.prototype.repeat "^0.2.0"

concat-map@0.0.1:
  version "0.0.1"
  resolved "https://registry.npmjs.org/concat-map/-/concat-map-0.0.1.tgz"

core-util-is@~1.0.0:
  version "1.0.2"
  resolved "https://registry.npmjs.org/core-util-is/-/core-util-is-1.0.2.tgz"

create-hash@1.1.3, create-hash@^1.1.0:
  version "1.1.3"
  resolved "https://registry.npmjs.org/create-hash/-/create-hash-1.1.3.tgz"
  dependencies:
    cipher-base "^1.0.1"
    inherits "^2.0.1"
    ripemd160 "^2.0.0"
    sha.js "^2.4.0"

create-hmac@1.1.6:
  version "1.1.6"
  resolved "https://registry.npmjs.org/create-hmac/-/create-hmac-1.1.6.tgz"
  dependencies:
    cipher-base "^1.0.3"
    create-hash "^1.1.0"
    inherits "^2.0.1"
    ripemd160 "^2.0.0"
    safe-buffer "^5.0.1"
    sha.js "^2.4.8"

css-select@^3.1.2:
  version "3.1.2"
  resolved "https://registry.npmjs.org/css-select/-/css-select-3.1.2.tgz"
  dependencies:
    boolbase "^1.0.0"
    css-what "^4.0.0"
    domhandler "^4.0.0"
    domutils "^2.4.3"
    nth-check "^2.0.0"

css-select@~1.2.0:
  version "1.2.0"
  resolved "https://registry.npmjs.org/css-select/-/css-select-1.2.0.tgz"
  dependencies:
    boolbase "~1.0.0"
    css-what "2.1"
    domutils "1.5.1"
    nth-check "~1.0.1"

css-what@2.1:
  version "2.1.3"
  resolved "https://registry.npmjs.org/css-what/-/css-what-2.1.3.tgz"

css-what@^4.0.0:
  version "4.0.0"
  resolved "https://registry.npmjs.org/css-what/-/css-what-4.0.0.tgz"

csstype@^3.0.2:
  version "3.0.6"
  resolved "https://registry.npmjs.org/csstype/-/csstype-3.0.6.tgz"

debug@3.2.6:
  version "3.2.6"
  resolved "https://registry.npmjs.org/debug/-/debug-3.2.6.tgz"
  dependencies:
    ms "^2.1.1"

decamelize@^1.2.0:
  version "1.2.0"
  resolved "https://registry.npmjs.org/decamelize/-/decamelize-1.2.0.tgz"

deep-eql@^3.0.1:
  version "3.0.1"
  resolved "https://registry.npmjs.org/deep-eql/-/deep-eql-3.0.1.tgz"
  dependencies:
    type-detect "^4.0.0"

deep-equal@^2.0.3:
  version "2.0.5"
  resolved "https://registry.npmjs.org/deep-equal/-/deep-equal-2.0.5.tgz"
  dependencies:
    call-bind "^1.0.0"
    es-get-iterator "^1.1.1"
    get-intrinsic "^1.0.1"
    is-arguments "^1.0.4"
    is-date-object "^1.0.2"
    is-regex "^1.1.1"
    isarray "^2.0.5"
    object-is "^1.1.4"
    object-keys "^1.1.1"
    object.assign "^4.1.2"
    regexp.prototype.flags "^1.3.0"
    side-channel "^1.0.3"
    which-boxed-primitive "^1.0.1"
    which-collection "^1.0.1"
    which-typed-array "^1.1.2"

define-properties@^1.1.2, define-properties@^1.1.3:
  version "1.1.3"
  resolved "https://registry.npmjs.org/define-properties/-/define-properties-1.1.3.tgz"
  dependencies:
    object-keys "^1.0.12"

defined@^1.0.0:
  version "1.0.0"
  resolved "https://registry.npmjs.org/defined/-/defined-1.0.0.tgz"

diff@3.5.0:
  version "3.5.0"
  resolved "https://registry.npmjs.org/diff/-/diff-3.5.0.tgz"

dom-serializer@0, dom-serializer@~0.1.1:
  version "0.1.1"
  resolved "https://registry.npmjs.org/dom-serializer/-/dom-serializer-0.1.1.tgz"
  dependencies:
    domelementtype "^1.3.0"
    entities "^1.1.1"

dom-serializer@^1.0.1, dom-serializer@~1.2.0:
  version "1.2.0"
  resolved "https://registry.npmjs.org/dom-serializer/-/dom-serializer-1.2.0.tgz"
  dependencies:
    domelementtype "^2.0.1"
    domhandler "^4.0.0"
    entities "^2.0.0"

domelementtype@1, domelementtype@^1.3.0, domelementtype@^1.3.1:
  version "1.3.1"
  resolved "https://registry.npmjs.org/domelementtype/-/domelementtype-1.3.1.tgz"

domelementtype@^2.0.1, domelementtype@^2.1.0:
  version "2.1.0"
  resolved "https://registry.npmjs.org/domelementtype/-/domelementtype-2.1.0.tgz"

domhandler@^2.3.0:
  version "2.4.2"
  resolved "https://registry.npmjs.org/domhandler/-/domhandler-2.4.2.tgz"
  dependencies:
    domelementtype "1"

domhandler@^4.0.0:
  version "4.0.0"
  resolved "https://registry.npmjs.org/domhandler/-/domhandler-4.0.0.tgz"
  dependencies:
    domelementtype "^2.1.0"

domutils@1.5.1, domutils@^1.5.1:
  version "1.5.1"
  resolved "https://registry.npmjs.org/domutils/-/domutils-1.5.1.tgz"
  dependencies:
    dom-serializer "0"
    domelementtype "1"

domutils@^2.4.3, domutils@^2.4.4:
  version "2.4.4"
  resolved "https://registry.npmjs.org/domutils/-/domutils-2.4.4.tgz"
  dependencies:
    dom-serializer "^1.0.1"
    domelementtype "^2.0.1"
    domhandler "^4.0.0"

dotenv@^8.1.0:
  version "8.2.0"
  resolved "https://registry.npmjs.org/dotenv/-/dotenv-8.2.0.tgz"

dotignore@^0.1.2:
  version "0.1.2"
  resolved "https://registry.npmjs.org/dotignore/-/dotignore-0.1.2.tgz"
  dependencies:
    minimatch "^3.0.4"

duplexer@^0.1.1:
  version "0.1.2"
  resolved "https://registry.npmjs.org/duplexer/-/duplexer-0.1.2.tgz"

ecurve@1.0.5:
  version "1.0.5"
  resolved "https://registry.npmjs.org/ecurve/-/ecurve-1.0.5.tgz"
  dependencies:
    bigi "^1.1.0"

elliptic@6.5.3:
  version "6.5.3"
  resolved "https://registry.npmjs.org/elliptic/-/elliptic-6.5.3.tgz"
  dependencies:
    bn.js "^4.4.0"
    brorand "^1.0.1"
    hash.js "^1.0.0"
    hmac-drbg "^1.0.0"
    inherits "^2.0.1"
    minimalistic-assert "^1.0.0"
    minimalistic-crypto-utils "^1.0.0"

elliptic@^6.5.4:
  version "6.5.4"
  resolved "https://registry.npmjs.org/elliptic/-/elliptic-6.5.4.tgz"
  dependencies:
    bn.js "^4.11.9"
    brorand "^1.1.0"
    hash.js "^1.0.0"
    hmac-drbg "^1.0.1"
    inherits "^2.0.4"
    minimalistic-assert "^1.0.1"
    minimalistic-crypto-utils "^1.0.1"

emoji-regex@^7.0.1:
  version "7.0.3"
  resolved "https://registry.npmjs.org/emoji-regex/-/emoji-regex-7.0.3.tgz"

entities@^1.1.1, entities@~1.1.1:
  version "1.1.2"
  resolved "https://registry.npmjs.org/entities/-/entities-1.1.2.tgz"

entities@^2.0.0, entities@~2.1.0:
  version "2.1.0"
  resolved "https://registry.npmjs.org/entities/-/entities-2.1.0.tgz"

entities@~2.0:
  version "2.0.3"
  resolved "https://registry.npmjs.org/entities/-/entities-2.0.3.tgz"

eosio-signing-request@^2.2.1:
  version "2.2.2"
  resolved "https://registry.npmjs.org/eosio-signing-request/-/eosio-signing-request-2.2.2.tgz"
  dependencies:
    "@greymass/eosio" "^0.4.0"
    tslib "^2.0.3"

eosjs-ecc@^4.0.7:
  version "4.0.7"
  resolved "https://registry.npmjs.org/eosjs-ecc/-/eosjs-ecc-4.0.7.tgz"
  dependencies:
    "@babel/runtime" "7.6.0"
    bigi "1.4.2"
    browserify-aes "1.0.6"
    bs58 "4.0.1"
    bytebuffer "5.0.1"
    create-hash "1.1.3"
    create-hmac "1.1.6"
    ecurve "1.0.5"
    randombytes "2.0.5"

eosjs@^21.0.3:
  version "21.0.3"
  resolved "https://registry.npmjs.org/eosjs/-/eosjs-21.0.3.tgz"
  dependencies:
    elliptic "6.5.3"
    hash.js "1.1.7"
    pako "1.0.11"

es-abstract@^1.17.0-next.1:
  version "1.17.7"
  resolved "https://registry.npmjs.org/es-abstract/-/es-abstract-1.17.7.tgz"
  dependencies:
    es-to-primitive "^1.2.1"
    function-bind "^1.1.1"
    has "^1.0.3"
    has-symbols "^1.0.1"
    is-callable "^1.2.2"
    is-regex "^1.1.1"
    object-inspect "^1.8.0"
    object-keys "^1.1.1"
    object.assign "^4.1.1"
    string.prototype.trimend "^1.0.1"
    string.prototype.trimstart "^1.0.1"

es-abstract@^1.18.0-next.1:
  version "1.18.0-next.1"
  resolved "https://registry.npmjs.org/es-abstract/-/es-abstract-1.18.0-next.1.tgz"
  dependencies:
    es-to-primitive "^1.2.1"
    function-bind "^1.1.1"
    has "^1.0.3"
    has-symbols "^1.0.1"
    is-callable "^1.2.2"
    is-negative-zero "^2.0.0"
    is-regex "^1.1.1"
    object-inspect "^1.8.0"
    object-keys "^1.1.1"
    object.assign "^4.1.1"
    string.prototype.trimend "^1.0.1"
    string.prototype.trimstart "^1.0.1"

es-get-iterator@^1.1.1:
  version "1.1.1"
  resolved "https://registry.npmjs.org/es-get-iterator/-/es-get-iterator-1.1.1.tgz"
  dependencies:
    call-bind "^1.0.0"
    get-intrinsic "^1.0.1"
    has-symbols "^1.0.1"
    is-arguments "^1.0.4"
    is-map "^2.0.1"
    is-set "^2.0.1"
    is-string "^1.0.5"
    isarray "^2.0.5"

es-to-primitive@^1.2.1:
  version "1.2.1"
  resolved "https://registry.npmjs.org/es-to-primitive/-/es-to-primitive-1.2.1.tgz"
  dependencies:
    is-callable "^1.1.4"
    is-date-object "^1.0.1"
    is-symbol "^1.0.2"

escape-string-regexp@1.0.5, escape-string-regexp@^1.0.2, escape-string-regexp@^1.0.5:
  version "1.0.5"
  resolved "https://registry.npmjs.org/escape-string-regexp/-/escape-string-regexp-1.0.5.tgz"

esm@3.2.25:
  version "3.2.25"
  resolved "https://registry.npmjs.org/esm/-/esm-3.2.25.tgz"

esprima@^4.0.0:
  version "4.0.1"
  resolved "https://registry.npmjs.org/esprima/-/esprima-4.0.1.tgz"

evp_bytestokey@^1.0.0:
  version "1.0.3"
  resolved "https://registry.npmjs.org/evp_bytestokey/-/evp_bytestokey-1.0.3.tgz"
  dependencies:
    md5.js "^1.3.4"
    safe-buffer "^5.1.1"

figures@^2.0.0:
  version "2.0.0"
  resolved "https://registry.npmjs.org/figures/-/figures-2.0.0.tgz"
  dependencies:
    escape-string-regexp "^1.0.5"

find-up@3.0.0, find-up@^3.0.0:
  version "3.0.0"
  resolved "https://registry.npmjs.org/find-up/-/find-up-3.0.0.tgz"
  dependencies:
    locate-path "^3.0.0"

flat@^4.1.0:
  version "4.1.1"
  resolved "https://registry.npmjs.org/flat/-/flat-4.1.1.tgz"
  dependencies:
    is-buffer "~2.0.3"

for-each@^0.3.3:
  version "0.3.3"
  resolved "https://registry.npmjs.org/for-each/-/for-each-0.3.3.tgz"
  dependencies:
    is-callable "^1.1.3"

foreach@^2.0.5:
  version "2.0.5"
  resolved "https://registry.npmjs.org/foreach/-/foreach-2.0.5.tgz"

fs-extra@^9.1.0:
  version "9.1.0"
  resolved "https://registry.npmjs.org/fs-extra/-/fs-extra-9.1.0.tgz"
  dependencies:
    at-least-node "^1.0.0"
    graceful-fs "^4.2.0"
    jsonfile "^6.0.1"
    universalify "^2.0.0"

fs.realpath@^1.0.0:
  version "1.0.0"
  resolved "https://registry.npmjs.org/fs.realpath/-/fs.realpath-1.0.0.tgz"

function-bind@^1.1.1:
  version "1.1.1"
  resolved "https://registry.npmjs.org/function-bind/-/function-bind-1.1.1.tgz"

get-caller-file@^2.0.1:
  version "2.0.5"
  resolved "https://registry.npmjs.org/get-caller-file/-/get-caller-file-2.0.5.tgz"

get-func-name@^2.0.0:
  version "2.0.0"
  resolved "https://registry.npmjs.org/get-func-name/-/get-func-name-2.0.0.tgz"

get-intrinsic@^1.0.1, get-intrinsic@^1.0.2:
  version "1.0.2"
  resolved "https://registry.npmjs.org/get-intrinsic/-/get-intrinsic-1.0.2.tgz"
  dependencies:
    function-bind "^1.1.1"
    has "^1.0.3"
    has-symbols "^1.0.1"

glob@7.1.3:
  version "7.1.3"
  resolved "https://registry.npmjs.org/glob/-/glob-7.1.3.tgz"
  dependencies:
    fs.realpath "^1.0.0"
    inflight "^1.0.4"
    inherits "2"
    minimatch "^3.0.4"
    once "^1.3.0"
    path-is-absolute "^1.0.0"

glob@^7.1.6:
  version "7.1.6"
  resolved "https://registry.npmjs.org/glob/-/glob-7.1.6.tgz"
  dependencies:
    fs.realpath "^1.0.0"
    inflight "^1.0.4"
    inherits "2"
    minimatch "^3.0.4"
    once "^1.3.0"
    path-is-absolute "^1.0.0"

graceful-fs@^4.1.6, graceful-fs@^4.2.0:
  version "4.2.8"
  resolved "https://registry.npmjs.org/graceful-fs/-/graceful-fs-4.2.8.tgz"

growl@1.10.5:
  version "1.10.5"
  resolved "https://registry.npmjs.org/growl/-/growl-1.10.5.tgz"

handlebars@^4.7.6:
  version "4.7.6"
  resolved "https://registry.npmjs.org/handlebars/-/handlebars-4.7.6.tgz"
  dependencies:
    minimist "^1.2.5"
    neo-async "^2.6.0"
    source-map "^0.6.1"
    wordwrap "^1.0.0"
  optionalDependencies:
    uglify-js "^3.1.4"

has-ansi@^2.0.0:
  version "2.0.0"
  resolved "https://registry.npmjs.org/has-ansi/-/has-ansi-2.0.0.tgz"
  dependencies:
    ansi-regex "^2.0.0"

has-flag@^3.0.0:
  version "3.0.0"
  resolved "https://registry.npmjs.org/has-flag/-/has-flag-3.0.0.tgz"

has-symbols@^1.0.0, has-symbols@^1.0.1:
  version "1.0.1"
  resolved "https://registry.npmjs.org/has-symbols/-/has-symbols-1.0.1.tgz"

has@^1.0.3:
  version "1.0.3"
  resolved "https://registry.npmjs.org/has/-/has-1.0.3.tgz"
  dependencies:
    function-bind "^1.1.1"

hash-base@^3.0.0:
  version "3.1.0"
  resolved "https://registry.npmjs.org/hash-base/-/hash-base-3.1.0.tgz"
  dependencies:
    inherits "^2.0.4"
    readable-stream "^3.6.0"
    safe-buffer "^5.2.0"

hash.js@1.1.7, hash.js@^1.0.0, hash.js@^1.0.3:
  version "1.1.7"
  resolved "https://registry.npmjs.org/hash.js/-/hash.js-1.1.7.tgz"
  dependencies:
    inherits "^2.0.3"
    minimalistic-assert "^1.0.1"

he@1.2.0:
  version "1.2.0"
  resolved "https://registry.npmjs.org/he/-/he-1.2.0.tgz"

hmac-drbg@^1.0.0, hmac-drbg@^1.0.1:
  version "1.0.1"
  resolved "https://registry.npmjs.org/hmac-drbg/-/hmac-drbg-1.0.1.tgz"
  dependencies:
    hash.js "^1.0.3"
    minimalistic-assert "^1.0.0"
    minimalistic-crypto-utils "^1.0.1"

htmlparser2@^3.9.1:
  version "3.10.1"
  resolved "https://registry.npmjs.org/htmlparser2/-/htmlparser2-3.10.1.tgz"
  dependencies:
    domelementtype "^1.3.1"
    domhandler "^2.3.0"
    domutils "^1.5.1"
    entities "^1.1.1"
    inherits "^2.0.1"
    readable-stream "^3.1.1"

htmlparser2@^6.0.0:
  version "6.0.0"
  resolved "https://registry.npmjs.org/htmlparser2/-/htmlparser2-6.0.0.tgz"
  dependencies:
    domelementtype "^2.0.1"
    domhandler "^4.0.0"
    domutils "^2.4.4"
    entities "^2.0.0"

inflight@^1.0.4:
  version "1.0.6"
  resolved "https://registry.npmjs.org/inflight/-/inflight-1.0.6.tgz"
  dependencies:
    once "^1.3.0"
    wrappy "1"

inherits@2, inherits@^2.0.1, inherits@^2.0.3, inherits@^2.0.4, inherits@~2.0.1, inherits@~2.0.3:
  version "2.0.4"
  resolved "https://registry.npmjs.org/inherits/-/inherits-2.0.4.tgz"

is-arguments@^1.0.4:
  version "1.1.0"
  resolved "https://registry.npmjs.org/is-arguments/-/is-arguments-1.1.0.tgz"
  dependencies:
    call-bind "^1.0.0"

is-bigint@^1.0.1:
  version "1.0.1"
  resolved "https://registry.npmjs.org/is-bigint/-/is-bigint-1.0.1.tgz"

is-boolean-object@^1.1.0:
  version "1.1.0"
  resolved "https://registry.npmjs.org/is-boolean-object/-/is-boolean-object-1.1.0.tgz"
  dependencies:
    call-bind "^1.0.0"

is-buffer@~2.0.3:
  version "2.0.5"
  resolved "https://registry.npmjs.org/is-buffer/-/is-buffer-2.0.5.tgz"

is-callable@^1.1.3, is-callable@^1.1.4, is-callable@^1.2.2:
  version "1.2.2"
  resolved "https://registry.npmjs.org/is-callable/-/is-callable-1.2.2.tgz"

is-core-module@^2.1.0:
  version "2.2.0"
  resolved "https://registry.npmjs.org/is-core-module/-/is-core-module-2.2.0.tgz"
  dependencies:
    has "^1.0.3"

is-date-object@^1.0.1, is-date-object@^1.0.2:
  version "1.0.2"
  resolved "https://registry.npmjs.org/is-date-object/-/is-date-object-1.0.2.tgz"

is-fullwidth-code-point@^2.0.0:
  version "2.0.0"
  resolved "https://registry.npmjs.org/is-fullwidth-code-point/-/is-fullwidth-code-point-2.0.0.tgz"

is-map@^2.0.1:
  version "2.0.2"
  resolved "https://registry.npmjs.org/is-map/-/is-map-2.0.2.tgz"

is-negative-zero@^2.0.0:
  version "2.0.1"
  resolved "https://registry.npmjs.org/is-negative-zero/-/is-negative-zero-2.0.1.tgz"

is-number-object@^1.0.4:
  version "1.0.4"
  resolved "https://registry.npmjs.org/is-number-object/-/is-number-object-1.0.4.tgz"

is-regex@^1.0.5, is-regex@^1.1.1:
  version "1.1.1"
  resolved "https://registry.npmjs.org/is-regex/-/is-regex-1.1.1.tgz"
  dependencies:
    has-symbols "^1.0.1"

is-set@^2.0.1:
  version "2.0.2"
  resolved "https://registry.npmjs.org/is-set/-/is-set-2.0.2.tgz"

is-string@^1.0.5:
  version "1.0.5"
  resolved "https://registry.npmjs.org/is-string/-/is-string-1.0.5.tgz"

is-symbol@^1.0.2, is-symbol@^1.0.3:
  version "1.0.3"
  resolved "https://registry.npmjs.org/is-symbol/-/is-symbol-1.0.3.tgz"
  dependencies:
    has-symbols "^1.0.1"

is-typed-array@^1.1.3:
  version "1.1.4"
  resolved "https://registry.npmjs.org/is-typed-array/-/is-typed-array-1.1.4.tgz"
  dependencies:
    available-typed-arrays "^1.0.2"
    call-bind "^1.0.0"
    es-abstract "^1.18.0-next.1"
    foreach "^2.0.5"
    has-symbols "^1.0.1"

is-weakmap@^2.0.1:
  version "2.0.1"
  resolved "https://registry.npmjs.org/is-weakmap/-/is-weakmap-2.0.1.tgz"

is-weakset@^2.0.1:
  version "2.0.1"
  resolved "https://registry.npmjs.org/is-weakset/-/is-weakset-2.0.1.tgz"

isarray@^2.0.5:
  version "2.0.5"
  resolved "https://registry.npmjs.org/isarray/-/isarray-2.0.5.tgz"

isarray@~1.0.0:
  version "1.0.0"
  resolved "https://registry.npmjs.org/isarray/-/isarray-1.0.0.tgz"

isexe@^2.0.0:
  version "2.0.0"
  resolved "https://registry.npmjs.org/isexe/-/isexe-2.0.0.tgz"

"js-tokens@^3.0.0 || ^4.0.0":
  version "4.0.0"
  resolved "https://registry.npmjs.org/js-tokens/-/js-tokens-4.0.0.tgz"

js-yaml@3.13.1:
  version "3.13.1"
  resolved "https://registry.npmjs.org/js-yaml/-/js-yaml-3.13.1.tgz"
  dependencies:
    argparse "^1.0.7"
    esprima "^4.0.0"

json-stringify-pretty-compact@^1.1.0:
  version "1.2.0"
  resolved "https://registry.npmjs.org/json-stringify-pretty-compact/-/json-stringify-pretty-compact-1.2.0.tgz"

json@^9.0.6:
  version "9.0.6"
  resolved "https://registry.npmjs.org/json/-/json-9.0.6.tgz"

jsonfile@^6.0.1:
  version "6.1.0"
  resolved "https://registry.npmjs.org/jsonfile/-/jsonfile-6.1.0.tgz"
  dependencies:
    universalify "^2.0.0"
  optionalDependencies:
    graceful-fs "^4.1.6"

locate-path@^3.0.0:
  version "3.0.0"
  resolved "https://registry.npmjs.org/locate-path/-/locate-path-3.0.0.tgz"
  dependencies:
    p-locate "^3.0.0"
    path-exists "^3.0.0"

lodash@^4.15.0, lodash@^4.17.10, lodash@^4.17.15:
  version "4.17.20"
  resolved "https://registry.npmjs.org/lodash/-/lodash-4.17.20.tgz"

log-symbols@2.2.0:
  version "2.2.0"
  resolved "https://registry.npmjs.org/log-symbols/-/log-symbols-2.2.0.tgz"
  dependencies:
    chalk "^2.0.1"

long@~3:
  version "3.2.0"
  resolved "https://registry.npmjs.org/long/-/long-3.2.0.tgz"

loose-envify@^1.1.0, loose-envify@^1.4.0:
  version "1.4.0"
  resolved "https://registry.npmjs.org/loose-envify/-/loose-envify-1.4.0.tgz"
  dependencies:
    js-tokens "^3.0.0 || ^4.0.0"

md5.js@^1.3.4:
  version "1.3.5"
  resolved "https://registry.npmjs.org/md5.js/-/md5.js-1.3.5.tgz"
  dependencies:
    hash-base "^3.0.0"
    inherits "^2.0.1"
    safe-buffer "^5.1.2"

mdurl@~1.0.1:
  version "1.0.1"
  resolved "https://registry.npmjs.org/mdurl/-/mdurl-1.0.1.tgz"

minimalistic-assert@^1.0.0, minimalistic-assert@^1.0.1:
  version "1.0.1"
  resolved "https://registry.npmjs.org/minimalistic-assert/-/minimalistic-assert-1.0.1.tgz"

minimalistic-crypto-utils@^1.0.0, minimalistic-crypto-utils@^1.0.1:
  version "1.0.1"
  resolved "https://registry.npmjs.org/minimalistic-crypto-utils/-/minimalistic-crypto-utils-1.0.1.tgz"

minimatch@3.0.4, minimatch@^3.0.4:
  version "3.0.4"
  resolved "https://registry.npmjs.org/minimatch/-/minimatch-3.0.4.tgz"
  dependencies:
    brace-expansion "^1.1.7"

minimist@>=1.2.2, minimist@^1.2.5:
  version "1.2.5"
  resolved "https://registry.npmjs.org/minimist/-/minimist-1.2.5.tgz"

mkdirp@0.5.4:
  version "0.5.4"
  resolved "https://registry.npmjs.org/mkdirp/-/mkdirp-0.5.4.tgz"
  dependencies:
    minimist "^1.2.5"

mocha@^6.1.4:
  version "6.2.3"
  resolved "https://registry.npmjs.org/mocha/-/mocha-6.2.3.tgz"
  dependencies:
    ansi-colors "3.2.3"
    browser-stdout "1.3.1"
    debug "3.2.6"
    diff "3.5.0"
    escape-string-regexp "1.0.5"
    find-up "3.0.0"
    glob "7.1.3"
    growl "1.10.5"
    he "1.2.0"
    js-yaml "3.13.1"
    log-symbols "2.2.0"
    minimatch "3.0.4"
    mkdirp "0.5.4"
    ms "2.1.1"
    node-environment-flags "1.0.5"
    object.assign "4.1.0"
    strip-json-comments "2.0.1"
    supports-color "6.0.0"
    which "1.3.1"
    wide-align "1.1.3"
    yargs "13.3.2"
    yargs-parser "13.1.2"
    yargs-unparser "1.6.0"

moment@^2.29.2:
  version "2.29.2"
  resolved "https://registry.yarnpkg.com/moment/-/moment-2.29.2.tgz#00910c60b20843bcba52d37d58c628b47b1f20e4"

ms@2.1.1, ms@^2.1.1:
  version "2.1.1"
  resolved "https://registry.npmjs.org/ms/-/ms-2.1.1.tgz"

neo-async@^2.6.0:
  version "2.6.2"
  resolved "https://registry.npmjs.org/neo-async/-/neo-async-2.6.2.tgz"

node-environment-flags@1.0.5:
  version "1.0.5"
  resolved "https://registry.npmjs.org/node-environment-flags/-/node-environment-flags-1.0.5.tgz"
  dependencies:
    object.getownpropertydescriptors "^2.0.3"
    semver "^5.7.0"

node-fetch@^2.6.1:
  version "2.6.1"
  resolved "https://registry.npmjs.org/node-fetch/-/node-fetch-2.6.1.tgz"

nth-check@^2.0.0:
  version "2.0.0"
  resolved "https://registry.npmjs.org/nth-check/-/nth-check-2.0.0.tgz"
  dependencies:
    boolbase "^1.0.0"

nth-check@~1.0.1:
  version "1.0.2"
  resolved "https://registry.npmjs.org/nth-check/-/nth-check-1.0.2.tgz"
  dependencies:
    boolbase "~1.0.0"

object-assign@^4.0.1, object-assign@^4.1.1:
  version "4.1.1"
  resolved "https://registry.npmjs.org/object-assign/-/object-assign-4.1.1.tgz"

object-inspect@^1.7.0, object-inspect@^1.8.0, object-inspect@^1.9.0:
  version "1.9.0"
  resolved "https://registry.npmjs.org/object-inspect/-/object-inspect-1.9.0.tgz"

object-is@^1.1.2, object-is@^1.1.4:
  version "1.1.4"
  resolved "https://registry.npmjs.org/object-is/-/object-is-1.1.4.tgz"
  dependencies:
    call-bind "^1.0.0"
    define-properties "^1.1.3"

object-keys@^1.0.11, object-keys@^1.0.12, object-keys@^1.1.1:
  version "1.1.1"
  resolved "https://registry.npmjs.org/object-keys/-/object-keys-1.1.1.tgz"

object.assign@4.1.0, object.assign@^4.1.0:
  version "4.1.0"
  resolved "https://registry.npmjs.org/object.assign/-/object.assign-4.1.0.tgz"
  dependencies:
    define-properties "^1.1.2"
    function-bind "^1.1.1"
    has-symbols "^1.0.0"
    object-keys "^1.0.11"

object.assign@^4.1.1, object.assign@^4.1.2:
  version "4.1.2"
  resolved "https://registry.npmjs.org/object.assign/-/object.assign-4.1.2.tgz"
  dependencies:
    call-bind "^1.0.0"
    define-properties "^1.1.3"
    has-symbols "^1.0.1"
    object-keys "^1.1.1"

object.getownpropertydescriptors@^2.0.3:
  version "2.1.1"
  resolved "https://registry.npmjs.org/object.getownpropertydescriptors/-/object.getownpropertydescriptors-2.1.1.tgz"
  dependencies:
    call-bind "^1.0.0"
    define-properties "^1.1.3"
    es-abstract "^1.18.0-next.1"

once@^1.3.0:
  version "1.4.0"
  resolved "https://registry.npmjs.org/once/-/once-1.4.0.tgz"
  dependencies:
    wrappy "1"

p-limit@^2.0.0:
  version "2.3.0"
  resolved "https://registry.npmjs.org/p-limit/-/p-limit-2.3.0.tgz"
  dependencies:
    p-try "^2.0.0"

p-locate@^3.0.0:
  version "3.0.0"
  resolved "https://registry.npmjs.org/p-locate/-/p-locate-3.0.0.tgz"
  dependencies:
    p-limit "^2.0.0"

p-try@^2.0.0:
  version "2.2.0"
  resolved "https://registry.npmjs.org/p-try/-/p-try-2.2.0.tgz"

pako@1.0.11:
  version "1.0.11"
  resolved "https://registry.npmjs.org/pako/-/pako-1.0.11.tgz"

parse-ms@^1.0.0:
  version "1.0.1"
  resolved "https://registry.npmjs.org/parse-ms/-/parse-ms-1.0.1.tgz"

parse5-htmlparser2-tree-adapter@^6.0.0:
  version "6.0.1"
  resolved "https://registry.npmjs.org/parse5-htmlparser2-tree-adapter/-/parse5-htmlparser2-tree-adapter-6.0.1.tgz"
  dependencies:
    parse5 "^6.0.1"

parse5@^3.0.1:
  version "3.0.3"
  resolved "https://registry.npmjs.org/parse5/-/parse5-3.0.3.tgz"
  dependencies:
    "@types/node" "*"

parse5@^6.0.0, parse5@^6.0.1:
  version "6.0.1"
  resolved "https://registry.npmjs.org/parse5/-/parse5-6.0.1.tgz"

path-exists@^3.0.0:
  version "3.0.0"
  resolved "https://registry.npmjs.org/path-exists/-/path-exists-3.0.0.tgz"

path-is-absolute@^1.0.0:
  version "1.0.1"
  resolved "https://registry.npmjs.org/path-is-absolute/-/path-is-absolute-1.0.1.tgz"

path-parse@^1.0.6:
  version "1.0.6"
  resolved "https://registry.npmjs.org/path-parse/-/path-parse-1.0.6.tgz"

pathval@^1.1.0:
  version "1.1.0"
  resolved "https://registry.npmjs.org/pathval/-/pathval-1.1.0.tgz"

pretty-ms@^3.2.0:
  version "3.2.0"
  resolved "https://registry.npmjs.org/pretty-ms/-/pretty-ms-3.2.0.tgz"
  dependencies:
    parse-ms "^1.0.0"

process-nextick-args@~1.0.6:
  version "1.0.7"
  resolved "https://registry.npmjs.org/process-nextick-args/-/process-nextick-args-1.0.7.tgz"

process-nextick-args@~2.0.0:
  version "2.0.1"
  resolved "https://registry.npmjs.org/process-nextick-args/-/process-nextick-args-2.0.1.tgz"

prop-types@^15.6.2:
  version "15.7.2"
  resolved "https://registry.npmjs.org/prop-types/-/prop-types-15.7.2.tgz"
  dependencies:
    loose-envify "^1.4.0"
    object-assign "^4.1.1"
    react-is "^16.8.1"

ramda@^0.26.1:
  version "0.26.1"
  resolved "https://registry.npmjs.org/ramda/-/ramda-0.26.1.tgz"

randombytes@2.0.5:
  version "2.0.5"
  resolved "https://registry.npmjs.org/randombytes/-/randombytes-2.0.5.tgz"
  dependencies:
    safe-buffer "^5.1.0"

re-emitter@1.1.3:
  version "1.1.3"
  resolved "https://registry.npmjs.org/re-emitter/-/re-emitter-1.1.3.tgz"

react-dom@16.13.1:
  version "16.13.1"
  resolved "https://registry.npmjs.org/react-dom/-/react-dom-16.13.1.tgz"
  dependencies:
    loose-envify "^1.1.0"
    object-assign "^4.1.1"
    prop-types "^15.6.2"
    scheduler "^0.19.1"

react-is@^16.8.1:
  version "16.13.1"
  resolved "https://registry.npmjs.org/react-is/-/react-is-16.13.1.tgz"

readable-stream@2.2.9:
  version "2.2.9"
  resolved "https://registry.npmjs.org/readable-stream/-/readable-stream-2.2.9.tgz"
  dependencies:
    buffer-shims "~1.0.0"
    core-util-is "~1.0.0"
    inherits "~2.0.1"
    isarray "~1.0.0"
    process-nextick-args "~1.0.6"
    string_decoder "~1.0.0"
    util-deprecate "~1.0.1"

readable-stream@^3.1.1, readable-stream@^3.6.0:
  version "3.6.0"
  resolved "https://registry.npmjs.org/readable-stream/-/readable-stream-3.6.0.tgz"
  dependencies:
    inherits "^2.0.3"
    string_decoder "^1.1.1"
    util-deprecate "^1.0.1"

readable-stream@~2.3.6:
  version "2.3.7"
  resolved "https://registry.npmjs.org/readable-stream/-/readable-stream-2.3.7.tgz"
  dependencies:
    core-util-is "~1.0.0"
    inherits "~2.0.3"
    isarray "~1.0.0"
    process-nextick-args "~2.0.0"
    safe-buffer "~5.1.1"
    string_decoder "~1.1.1"
    util-deprecate "~1.0.1"

regenerator-runtime@^0.13.2:
  version "0.13.7"
  resolved "https://registry.npmjs.org/regenerator-runtime/-/regenerator-runtime-0.13.7.tgz"

regexp.prototype.flags@^1.3.0:
  version "1.3.0"
  resolved "https://registry.npmjs.org/regexp.prototype.flags/-/regexp.prototype.flags-1.3.0.tgz"
  dependencies:
    define-properties "^1.1.3"
    es-abstract "^1.17.0-next.1"

repeat-string@^1.5.2:
  version "1.6.1"
  resolved "https://registry.npmjs.org/repeat-string/-/repeat-string-1.6.1.tgz"

require-directory@^2.1.1:
  version "2.1.1"
  resolved "https://registry.npmjs.org/require-directory/-/require-directory-2.1.1.tgz"

require-main-filename@^2.0.0:
  version "2.0.0"
  resolved "https://registry.npmjs.org/require-main-filename/-/require-main-filename-2.0.0.tgz"

resolve@^1.17.0:
  version "1.19.0"
  resolved "https://registry.npmjs.org/resolve/-/resolve-1.19.0.tgz"
  dependencies:
    is-core-module "^2.1.0"
    path-parse "^1.0.6"

resumer@^0.0.0:
  version "0.0.0"
  resolved "https://registry.npmjs.org/resumer/-/resumer-0.0.0.tgz"
  dependencies:
    through "~2.3.4"

ripemd160@^2.0.0:
  version "2.0.2"
  resolved "https://registry.npmjs.org/ripemd160/-/ripemd160-2.0.2.tgz"
  dependencies:
    hash-base "^3.0.0"
    inherits "^2.0.1"

riteway@^6.0.3:
  version "6.2.1"
  resolved "https://registry.npmjs.org/riteway/-/riteway-6.2.1.tgz"
  dependencies:
    "@types/cheerio" "0.22.22"
    "@types/react" "16.9.49"
    cheerio "1.0.0-rc.3"
    esm "3.2.25"
    react-dom "16.13.1"
    tape "5.0.1"

safe-buffer@^5.0.1, safe-buffer@^5.1.0, safe-buffer@^5.1.1, safe-buffer@^5.1.2, safe-buffer@^5.2.0, safe-buffer@~5.2.0:
  version "5.2.1"
  resolved "https://registry.npmjs.org/safe-buffer/-/safe-buffer-5.2.1.tgz"

safe-buffer@~5.1.0, safe-buffer@~5.1.1:
  version "5.1.2"
  resolved "https://registry.npmjs.org/safe-buffer/-/safe-buffer-5.1.2.tgz"

scheduler@^0.19.1:
  version "0.19.1"
  resolved "https://registry.npmjs.org/scheduler/-/scheduler-0.19.1.tgz"
  dependencies:
    loose-envify "^1.1.0"
    object-assign "^4.1.1"

semver@^5.7.0:
  version "5.7.1"
  resolved "https://registry.npmjs.org/semver/-/semver-5.7.1.tgz"

set-blocking@^2.0.0:
  version "2.0.0"
  resolved "https://registry.npmjs.org/set-blocking/-/set-blocking-2.0.0.tgz"

sha.js@^2.4.0, sha.js@^2.4.8:
  version "2.4.11"
  resolved "https://registry.npmjs.org/sha.js/-/sha.js-2.4.11.tgz"
  dependencies:
    inherits "^2.0.1"
    safe-buffer "^5.0.1"

side-channel@^1.0.3:
  version "1.0.4"
  resolved "https://registry.npmjs.org/side-channel/-/side-channel-1.0.4.tgz"
  dependencies:
    call-bind "^1.0.0"
    get-intrinsic "^1.0.2"
    object-inspect "^1.9.0"

source-map@^0.6.1:
  version "0.6.1"
  resolved "https://registry.npmjs.org/source-map/-/source-map-0.6.1.tgz"

split@1.0.0:
  version "1.0.0"
  resolved "https://registry.npmjs.org/split/-/split-1.0.0.tgz"
  dependencies:
    through "2"

sprintf-js@~1.0.2:
  version "1.0.3"
  resolved "https://registry.npmjs.org/sprintf-js/-/sprintf-js-1.0.3.tgz"

"string-width@^1.0.2 || 2":
  version "2.1.1"
  resolved "https://registry.npmjs.org/string-width/-/string-width-2.1.1.tgz"
  dependencies:
    is-fullwidth-code-point "^2.0.0"
    strip-ansi "^4.0.0"

string-width@^3.0.0, string-width@^3.1.0:
  version "3.1.0"
  resolved "https://registry.npmjs.org/string-width/-/string-width-3.1.0.tgz"
  dependencies:
    emoji-regex "^7.0.1"
    is-fullwidth-code-point "^2.0.0"
    strip-ansi "^5.1.0"

string.prototype.repeat@^0.2.0:
  version "0.2.0"
  resolved "https://registry.npmjs.org/string.prototype.repeat/-/string.prototype.repeat-0.2.0.tgz"

string.prototype.trim@^1.2.1:
  version "1.2.3"
  resolved "https://registry.npmjs.org/string.prototype.trim/-/string.prototype.trim-1.2.3.tgz"
  dependencies:
    call-bind "^1.0.0"
    define-properties "^1.1.3"
    es-abstract "^1.18.0-next.1"

string.prototype.trimend@^1.0.1:
  version "1.0.3"
  resolved "https://registry.npmjs.org/string.prototype.trimend/-/string.prototype.trimend-1.0.3.tgz"
  dependencies:
    call-bind "^1.0.0"
    define-properties "^1.1.3"

string.prototype.trimstart@^1.0.1:
  version "1.0.3"
  resolved "https://registry.npmjs.org/string.prototype.trimstart/-/string.prototype.trimstart-1.0.3.tgz"
  dependencies:
    call-bind "^1.0.0"
    define-properties "^1.1.3"

string_decoder@^1.1.1:
  version "1.3.0"
  resolved "https://registry.npmjs.org/string_decoder/-/string_decoder-1.3.0.tgz"
  dependencies:
    safe-buffer "~5.2.0"

string_decoder@~1.0.0:
  version "1.0.3"
  resolved "https://registry.npmjs.org/string_decoder/-/string_decoder-1.0.3.tgz"
  dependencies:
    safe-buffer "~5.1.0"

string_decoder@~1.1.1:
  version "1.1.1"
  resolved "https://registry.npmjs.org/string_decoder/-/string_decoder-1.1.1.tgz"
  dependencies:
    safe-buffer "~5.1.0"

strip-ansi@^3.0.0:
  version "3.0.1"
  resolved "https://registry.npmjs.org/strip-ansi/-/strip-ansi-3.0.1.tgz"
  dependencies:
    ansi-regex "^2.0.0"

strip-ansi@^4.0.0:
  version "4.0.0"
  resolved "https://registry.npmjs.org/strip-ansi/-/strip-ansi-4.0.0.tgz"
  dependencies:
    ansi-regex "^3.0.0"

strip-ansi@^5.0.0, strip-ansi@^5.1.0, strip-ansi@^5.2.0:
  version "5.2.0"
  resolved "https://registry.npmjs.org/strip-ansi/-/strip-ansi-5.2.0.tgz"
  dependencies:
    ansi-regex "^4.1.0"

strip-json-comments@2.0.1:
  version "2.0.1"
  resolved "https://registry.npmjs.org/strip-json-comments/-/strip-json-comments-2.0.1.tgz"

supports-color@6.0.0:
  version "6.0.0"
  resolved "https://registry.npmjs.org/supports-color/-/supports-color-6.0.0.tgz"
  dependencies:
    has-flag "^3.0.0"

supports-color@^2.0.0:
  version "2.0.0"
  resolved "https://registry.npmjs.org/supports-color/-/supports-color-2.0.0.tgz"

supports-color@^5.3.0:
  version "5.5.0"
  resolved "https://registry.npmjs.org/supports-color/-/supports-color-5.5.0.tgz"
  dependencies:
    has-flag "^3.0.0"

tap-nirvana@^1.1.0:
  version "1.1.0"
  resolved "https://registry.npmjs.org/tap-nirvana/-/tap-nirvana-1.1.0.tgz"
  dependencies:
    chalk "^2.4.1"
    duplexer "^0.1.1"
    figures "^2.0.0"
    json-stringify-pretty-compact "^1.1.0"
    lodash "^4.17.10"
    pretty-ms "^3.2.0"
    repeat-string "^1.5.2"
    tap-out "^3.0.0"
    through2 "^2.0.0"
    variable-diff "^1.1.0"

tap-out@^3.0.0:
  version "3.0.0"
  resolved "https://registry.npmjs.org/tap-out/-/tap-out-3.0.0.tgz"
  dependencies:
    re-emitter "1.1.3"
    readable-stream "2.2.9"
    split "1.0.0"
    trim "0.0.1"

tape@5.0.1:
  version "5.0.1"
  resolved "https://registry.npmjs.org/tape/-/tape-5.0.1.tgz"
  dependencies:
    deep-equal "^2.0.3"
    defined "^1.0.0"
    dotignore "^0.1.2"
    for-each "^0.3.3"
    function-bind "^1.1.1"
    glob "^7.1.6"
    has "^1.0.3"
    inherits "^2.0.4"
    is-regex "^1.0.5"
    minimist "^1.2.5"
    object-inspect "^1.7.0"
    object-is "^1.1.2"
    object.assign "^4.1.0"
    resolve "^1.17.0"
    resumer "^0.0.0"
    string.prototype.trim "^1.2.1"
    through "^2.3.8"

through2@^2.0.0:
  version "2.0.5"
  resolved "https://registry.npmjs.org/through2/-/through2-2.0.5.tgz"
  dependencies:
    readable-stream "~2.3.6"
    xtend "~4.0.1"

through@2, through@^2.3.8, through@~2.3.4:
  version "2.3.8"
  resolved "https://registry.npmjs.org/through/-/through-2.3.8.tgz"

trim@0.0.1:
  version "0.0.1"
  resolved "https://registry.npmjs.org/trim/-/trim-0.0.1.tgz"

tslib@^2.0.3:
  version "2.3.0"
  resolved "https://registry.npmjs.org/tslib/-/tslib-2.3.0.tgz"

type-detect@^4.0.0, type-detect@^4.0.5:
  version "4.0.8"
  resolved "https://registry.npmjs.org/type-detect/-/type-detect-4.0.8.tgz"

uglify-js@^3.1.4:
  version "3.12.4"
  resolved "https://registry.npmjs.org/uglify-js/-/uglify-js-3.12.4.tgz"

universalify@^2.0.0:
  version "2.0.0"
  resolved "https://registry.npmjs.org/universalify/-/universalify-2.0.0.tgz"

util-deprecate@^1.0.1, util-deprecate@~1.0.1:
  version "1.0.2"
  resolved "https://registry.npmjs.org/util-deprecate/-/util-deprecate-1.0.2.tgz"

variable-diff@^1.1.0:
  version "1.1.0"
  resolved "https://registry.npmjs.org/variable-diff/-/variable-diff-1.1.0.tgz"
  dependencies:
    chalk "^1.1.1"
    object-assign "^4.0.1"

which-boxed-primitive@^1.0.1:
  version "1.0.2"
  resolved "https://registry.npmjs.org/which-boxed-primitive/-/which-boxed-primitive-1.0.2.tgz"
  dependencies:
    is-bigint "^1.0.1"
    is-boolean-object "^1.1.0"
    is-number-object "^1.0.4"
    is-string "^1.0.5"
    is-symbol "^1.0.3"

which-collection@^1.0.1:
  version "1.0.1"
  resolved "https://registry.npmjs.org/which-collection/-/which-collection-1.0.1.tgz"
  dependencies:
    is-map "^2.0.1"
    is-set "^2.0.1"
    is-weakmap "^2.0.1"
    is-weakset "^2.0.1"

which-module@^2.0.0:
  version "2.0.0"
  resolved "https://registry.npmjs.org/which-module/-/which-module-2.0.0.tgz"

which-typed-array@^1.1.2:
  version "1.1.4"
  resolved "https://registry.npmjs.org/which-typed-array/-/which-typed-array-1.1.4.tgz"
  dependencies:
    available-typed-arrays "^1.0.2"
    call-bind "^1.0.0"
    es-abstract "^1.18.0-next.1"
    foreach "^2.0.5"
    function-bind "^1.1.1"
    has-symbols "^1.0.1"
    is-typed-array "^1.1.3"

which@1.3.1:
  version "1.3.1"
  resolved "https://registry.npmjs.org/which/-/which-1.3.1.tgz"
  dependencies:
    isexe "^2.0.0"

wide-align@1.1.3:
  version "1.1.3"
  resolved "https://registry.npmjs.org/wide-align/-/wide-align-1.1.3.tgz"
  dependencies:
    string-width "^1.0.2 || 2"

wordwrap@^1.0.0:
  version "1.0.0"
  resolved "https://registry.npmjs.org/wordwrap/-/wordwrap-1.0.0.tgz"

wrap-ansi@^5.1.0:
  version "5.1.0"
  resolved "https://registry.npmjs.org/wrap-ansi/-/wrap-ansi-5.1.0.tgz"
  dependencies:
    ansi-styles "^3.2.0"
    string-width "^3.0.0"
    strip-ansi "^5.0.0"

wrappy@1:
  version "1.0.2"
  resolved "https://registry.npmjs.org/wrappy/-/wrappy-1.0.2.tgz"

xtend@~4.0.1:
  version "4.0.2"
  resolved "https://registry.npmjs.org/xtend/-/xtend-4.0.2.tgz"

y18n@^4.0.0:
  version "4.0.1"
  resolved "https://registry.npmjs.org/y18n/-/y18n-4.0.1.tgz"

yargs-parser@13.1.2, yargs-parser@^13.1.2:
  version "13.1.2"
  resolved "https://registry.npmjs.org/yargs-parser/-/yargs-parser-13.1.2.tgz"
  dependencies:
    camelcase "^5.0.0"
    decamelize "^1.2.0"

yargs-unparser@1.6.0:
  version "1.6.0"
  resolved "https://registry.npmjs.org/yargs-unparser/-/yargs-unparser-1.6.0.tgz"
  dependencies:
    flat "^4.1.0"
    lodash "^4.17.15"
    yargs "^13.3.0"

yargs@13.3.2, yargs@^13.3.0:
  version "13.3.2"
  resolved "https://registry.npmjs.org/yargs/-/yargs-13.3.2.tgz"
  dependencies:
    cliui "^5.0.0"
    find-up "^3.0.0"
    get-caller-file "^2.0.1"
    require-directory "^2.1.1"
    require-main-filename "^2.0.0"
    set-blocking "^2.0.0"
    string-width "^3.0.0"
    which-module "^2.0.0"
    y18n "^4.0.0"
    yargs-parser "^13.1.2"
